
Microsoft Visual Studio Solution File, Format Version 12.00
Project("{FAE04EC0-301F-11D3-BF4B-00C04F79EFBC}") = "AutoZona.Web", "AutoZona.Web\AutoZona.Web.csproj", "{E8D38A72-894F-4A37-B9BD-2BBD4D0BB6A9}"
EndProject
Project("{FAE04EC0-301F-11D3-BF4B-00C04F79EFBC}") = "AutoZona.Domain", "AutoZona.Domain\AutoZona.Domain.csproj", "{4FC38902-9D70-4844-9674-24EB3C382844}"
EndProject
Project("{FAE04EC0-301F-11D3-BF4B-00C04F79EFBC}") = "AutoZona.Repository", "AutoZona.Repository\AutoZona.Repository.csproj", "{5D9F9535-382A-48B0-B8DD-940E91F67B85}"
EndProject
Project("{FAE04EC0-301F-11D3-BF4B-00C04F79EFBC}") = "AutoZona.Service", "AutoZona.Service\AutoZona.Service.csproj", "{E8904275-1866-4A14-9762-C43FA43B1DB3}"
EndProject
Global
	GlobalSection(SolutionConfigurationPlatforms) = preSolution
		Debug|Any CPU = Debug|Any CPU
		Release|Any CPU = Release|Any CPU
	EndGlobalSection
	GlobalSection(ProjectConfigurationPlatforms) = postSolution
		{E8D38A72-894F-4A37-B9BD-2BBD4D0BB6A9}.Debug|Any CPU.ActiveCfg = Debug|Any CPU
		{E8D38A72-894F-4A37-B9BD-2BBD4D0BB6A9}.Debug|Any CPU.Build.0 = Debug|Any CPU
		{E8D38A72-894F-4A37-B9BD-2BBD4D0BB6A9}.Release|Any CPU.ActiveCfg = Release|Any CPU
		{E8D38A72-894F-4A37-B9BD-2BBD4D0BB6A9}.Release|Any CPU.Build.0 = Release|Any CPU
		{4FC38902-9D70-4844-9674-24EB3C382844}.Debug|Any CPU.ActiveCfg = Debug|Any CPU
		{4FC38902-9D70-4844-9674-24EB3C382844}.Debug|Any CPU.Build.0 = Debug|Any CPU
		{4FC38902-9D70-4844-9674-24EB3C382844}.Release|Any CPU.ActiveCfg = Release|Any CPU
		{4FC38902-9D70-4844-9674-24EB3C382844}.Release|Any CPU.Build.0 = Release|Any CPU
		{5D9F9535-382A-48B0-B8DD-940E91F67B85}.Debug|Any CPU.ActiveCfg = Debug|Any CPU
		{5D9F9535-382A-48B0-B8DD-940E91F67B85}.Debug|Any CPU.Build.0 = Debug|Any CPU
		{5D9F9535-382A-48B0-B8DD-940E91F67B85}.Release|Any CPU.ActiveCfg = Release|Any CPU
		{5D9F9535-382A-48B0-B8DD-940E91F67B85}.Release|Any CPU.Build.0 = Release|Any CPU
		{E8904275-1866-4A14-9762-C43FA43B1DB3}.Debug|Any CPU.ActiveCfg = Debug|Any CPU
		{E8904275-1866-4A14-9762-C43FA43B1DB3}.Debug|Any CPU.Build.0 = Debug|Any CPU
		{E8904275-1866-4A14-9762-C43FA43B1DB3}.Release|Any CPU.ActiveCfg = Release|Any CPU
		{E8904275-1866-4A14-9762-C43FA43B1DB3}.Release|Any CPU.Build.0 = Release|Any CPU
	EndGlobalSection
EndGlobal
